
Microsoft Visual Studio Solution File, Format Version 12.00
# Visual Studio Version 17
VisualStudioVersion = 17.12.35506.116
MinimumVisualStudioVersion = 10.0.40219.1
Project("{2150E333-8FDC-42A3-9474-1A3956D46DE8}") = "Core", "Core", "{81FE3B5C-BA47-44D2-8903-841882EDC893}"
EndProject
Project("{2150E333-8FDC-42A3-9474-1A3956D46DE8}") = "Frontend", "Frontend", "{B02B91A3-F135-4DB6-856B-9F6F469303FB}"
EndProject
Project("{2150E333-8FDC-42A3-9474-1A3956D46DE8}") = "Infrastructer", "Infrastructer", "{DCE6122D-E1EF-431D-A5DF-AADB1FEFE920}"
EndProject
Project("{2150E333-8FDC-42A3-9474-1A3956D46DE8}") = "Presentation", "Presentation", "{55F20DFC-D5E2-475F-B314-36CFE3996633}"
EndProject
Project("{2150E333-8FDC-42A3-9474-1A3956D46DE8}") = "Requirements", "Requirements", "{00359C1A-B861-46B8-86ED-18877A436F65}"
EndProject
Project("{FAE04EC0-301F-11D3-BF4B-00C04F79EFBC}") = "MovieApi.Domain", "Core\MovieApi.Domain\MovieApi.Domain.csproj", "{20DC45D1-CA59-4EA3-9214-6A0504F10FA7}"
EndProject
Project("{FAE04EC0-301F-11D3-BF4B-00C04F79EFBC}") = "MovieApi.Persistence", "Infrastructure\MovieApi.Persistence\MovieApi.Persistence.csproj", "{6F8D7681-A95F-4638-AB42-11D10FCC902F}"
EndProject
Project("{FAE04EC0-301F-11D3-BF4B-00C04F79EFBC}") = "MovieApi.WebApi", "Presentation\MovieApi.WebApi\MovieApi.WebApi.csproj", "{3FF21DC3-7264-4792-83A7-399B7EADA7D7}"
EndProject
Project("{FAE04EC0-301F-11D3-BF4B-00C04F79EFBC}") = "MovieApi.Application", "Core\MovieApi.Application\MovieApi.Application.csproj", "{2FC1C43F-B33D-412E-9788-7FB5DBC52C75}"
EndProject
Global
	GlobalSection(SolutionConfigurationPlatforms) = preSolution
		Debug|Any CPU = Debug|Any CPU
		Release|Any CPU = Release|Any CPU
	EndGlobalSection
	GlobalSection(ProjectConfigurationPlatforms) = postSolution
		{20DC45D1-CA59-4EA3-9214-6A0504F10FA7}.Debug|Any CPU.ActiveCfg = Debug|Any CPU
		{20DC45D1-CA59-4EA3-9214-6A0504F10FA7}.Debug|Any CPU.Build.0 = Debug|Any CPU
		{20DC45D1-CA59-4EA3-9214-6A0504F10FA7}.Release|Any CPU.ActiveCfg = Release|Any CPU
		{20DC45D1-CA59-4EA3-9214-6A0504F10FA7}.Release|Any CPU.Build.0 = Release|Any CPU
		{6F8D7681-A95F-4638-AB42-11D10FCC902F}.Debug|Any CPU.ActiveCfg = Debug|Any CPU
		{6F8D7681-A95F-4638-AB42-11D10FCC902F}.Debug|Any CPU.Build.0 = Debug|Any CPU
		{6F8D7681-A95F-4638-AB42-11D10FCC902F}.Release|Any CPU.ActiveCfg = Release|Any CPU
		{6F8D7681-A95F-4638-AB42-11D10FCC902F}.Release|Any CPU.Build.0 = Release|Any CPU
		{3FF21DC3-7264-4792-83A7-399B7EADA7D7}.Debug|Any CPU.ActiveCfg = Debug|Any CPU
		{3FF21DC3-7264-4792-83A7-399B7EADA7D7}.Debug|Any CPU.Build.0 = Debug|Any CPU
		{3FF21DC3-7264-4792-83A7-399B7EADA7D7}.Release|Any CPU.ActiveCfg = Release|Any CPU
		{3FF21DC3-7264-4792-83A7-399B7EADA7D7}.Release|Any CPU.Build.0 = Release|Any CPU
		{2FC1C43F-B33D-412E-9788-7FB5DBC52C75}.Debug|Any CPU.ActiveCfg = Debug|Any CPU
		{2FC1C43F-B33D-412E-9788-7FB5DBC52C75}.Debug|Any CPU.Build.0 = Debug|Any CPU
		{2FC1C43F-B33D-412E-9788-7FB5DBC52C75}.Release|Any CPU.ActiveCfg = Release|Any CPU
		{2FC1C43F-B33D-412E-9788-7FB5DBC52C75}.Release|Any CPU.Build.0 = Release|Any CPU
	EndGlobalSection
	GlobalSection(SolutionProperties) = preSolution
		HideSolutionNode = FALSE
	EndGlobalSection
	GlobalSection(NestedProjects) = preSolution
		{20DC45D1-CA59-4EA3-9214-6A0504F10FA7} = {81FE3B5C-BA47-44D2-8903-841882EDC893}
		{6F8D7681-A95F-4638-AB42-11D10FCC902F} = {DCE6122D-E1EF-431D-A5DF-AADB1FEFE920}
		{3FF21DC3-7264-4792-83A7-399B7EADA7D7} = {55F20DFC-D5E2-475F-B314-36CFE3996633}
		{2FC1C43F-B33D-412E-9788-7FB5DBC52C75} = {81FE3B5C-BA47-44D2-8903-841882EDC893}
	EndGlobalSection
	GlobalSection(ExtensibilityGlobals) = postSolution
		SolutionGuid = {48118DB0-7EC1-4FC1-9CE8-A9A0589F8F60}
	EndGlobalSection
EndGlobal
